// !$*UTF8*$!
{
	archiveVersion = 1;
	classes = {
	};
	objectVersion = 46;
	objects = {

/* Begin PBXBuildFile section */
		5B12CECC1B05DD6F00290670 /* Fibonacci.m in Sources */ = {isa = PBXBuildFile; fileRef = 5B12CECB1B05DD6F00290670 /* Fibonacci.m */; };
		5B12CECF1B05F8C900290670 /* MakingChange.m in Sources */ = {isa = PBXBuildFile; fileRef = 5B12CECE1B05F8C900290670 /* MakingChange.m */; };
		5B12CED21B06014F00290670 /* Power.m in Sources */ = {isa = PBXBuildFile; fileRef = 5B12CED11B06014F00290670 /* Power.m */; };
		5B91F5081B15F2EE009CAD5B /* KnapsackProblem.m in Sources */ = {isa = PBXBuildFile; fileRef = 5B91F5071B15F2EE009CAD5B /* KnapsackProblem.m */; };
		5BA49B9E1B0F4AA6002DCF5D /* OptimizedLongestIncreasingSubsequence.m in Sources */ = {isa = PBXBuildFile; fileRef = 5BA49B9D1B0F4AA6002DCF5D /* OptimizedLongestIncreasingSubsequence.m */; };
		5BC3835D1B04AEB500203230 /* main.m in Sources */ = {isa = PBXBuildFile; fileRef = 5BC3835C1B04AEB500203230 /* main.m */; };
		5BC383601B04AEB500203230 /* AppDelegate.m in Sources */ = {isa = PBXBuildFile; fileRef = 5BC3835F1B04AEB500203230 /* AppDelegate.m */; };
		5BC383631B04AEB500203230 /* ViewController.m in Sources */ = {isa = PBXBuildFile; fileRef = 5BC383621B04AEB500203230 /* ViewController.m */; };
		5BC383661B04AEB500203230 /* Main.storyboard in Resources */ = {isa = PBXBuildFile; fileRef = 5BC383641B04AEB500203230 /* Main.storyboard */; };
		5BC383681B04AEB500203230 /* Images.xcassets in Resources */ = {isa = PBXBuildFile; fileRef = 5BC383671B04AEB500203230 /* Images.xcassets */; };
		5BC3836B1B04AEB500203230 /* LaunchScreen.xib in Resources */ = {isa = PBXBuildFile; fileRef = 5BC383691B04AEB500203230 /* LaunchScreen.xib */; };
		5BC383771B04AEB500203230 /* AlgorithmTests.m in Sources */ = {isa = PBXBuildFile; fileRef = 5BC383761B04AEB500203230 /* AlgorithmTests.m */; };
		5BC383821B04BE8900203230 /* DetailViewController.m in Sources */ = {isa = PBXBuildFile; fileRef = 5BC383811B04BE8900203230 /* DetailViewController.m */; };
		5BC3838A1B04D69800203230 /* AlgorithmParent.m in Sources */ = {isa = PBXBuildFile; fileRef = 5BC383891B04D69800203230 /* AlgorithmParent.m */; };
		5BC3838E1B04D6A000203230 /* MaxValContSubsequence.m in Sources */ = {isa = PBXBuildFile; fileRef = 5BC3838D1B04D6A000203230 /* MaxValContSubsequence.m */; };
		5BDEE81F1B175B0A008198CF /* BalancePartition.m in Sources */ = {isa = PBXBuildFile; fileRef = 5BDEE81E1B175B0A008198CF /* BalancePartition.m */; };
		5BE60E4D1B0B750A001B8BD3 /* LongestIncreasingSubsequece.m in Sources */ = {isa = PBXBuildFile; fileRef = 5BE60E4C1B0B750A001B8BD3 /* LongestIncreasingSubsequece.m */; };
/* End PBXBuildFile section */

/* Begin PBXContainerItemProxy section */
		5BC383711B04AEB500203230 /* PBXContainerItemProxy */ = {
			isa = PBXContainerItemProxy;
			containerPortal = 5BC3834F1B04AEB500203230 /* Project object */;
			proxyType = 1;
			remoteGlobalIDString = 5BC383561B04AEB500203230;
			remoteInfo = Algorithm;
		};
/* End PBXContainerItemProxy section */

/* Begin PBXFileReference section */
		5B12CECA1B05DD6F00290670 /* Fibonacci.h */ = {isa = PBXFileReference; fileEncoding = 4; lastKnownFileType = sourcecode.c.h; path = Fibonacci.h; sourceTree = "<group>"; };
		5B12CECB1B05DD6F00290670 /* Fibonacci.m */ = {isa = PBXFileReference; fileEncoding = 4; lastKnownFileType = sourcecode.c.objc; path = Fibonacci.m; sourceTree = "<group>"; };
		5B12CECD1B05F8C900290670 /* MakingChange.h */ = {isa = PBXFileReference; fileEncoding = 4; lastKnownFileType = sourcecode.c.h; path = MakingChange.h; sourceTree = "<group>"; };
		5B12CECE1B05F8C900290670 /* MakingChange.m */ = {isa = PBXFileReference; fileEncoding = 4; lastKnownFileType = sourcecode.c.objc; path = MakingChange.m; sourceTree = "<group>"; };
		5B12CED01B06014F00290670 /* Power.h */ = {isa = PBXFileReference; fileEncoding = 4; lastKnownFileType = sourcecode.c.h; path = Power.h; sourceTree = "<group>"; };
		5B12CED11B06014F00290670 /* Power.m */ = {isa = PBXFileReference; fileEncoding = 4; lastKnownFileType = sourcecode.c.objc; path = Power.m; sourceTree = "<group>"; };
		5B91F5061B15F2EE009CAD5B /* KnapsackProblem.h */ = {isa = PBXFileReference; fileEncoding = 4; lastKnownFileType = sourcecode.c.h; path = KnapsackProblem.h; sourceTree = "<group>"; };
		5B91F5071B15F2EE009CAD5B /* KnapsackProblem.m */ = {isa = PBXFileReference; fileEncoding = 4; lastKnownFileType = sourcecode.c.objc; path = KnapsackProblem.m; sourceTree = "<group>"; };
		5BA49B9C1B0F4AA6002DCF5D /* OptimizedLongestIncreasingSubsequence.h */ = {isa = PBXFileReference; fileEncoding = 4; lastKnownFileType = sourcecode.c.h; path = OptimizedLongestIncreasingSubsequence.h; sourceTree = "<group>"; };
		5BA49B9D1B0F4AA6002DCF5D /* OptimizedLongestIncreasingSubsequence.m */ = {isa = PBXFileReference; fileEncoding = 4; lastKnownFileType = sourcecode.c.objc; path = OptimizedLongestIncreasingSubsequence.m; sourceTree = "<group>"; };
		5BC383571B04AEB500203230 /* Algorithm.app */ = {isa = PBXFileReference; explicitFileType = wrapper.application; includeInIndex = 0; path = Algorithm.app; sourceTree = BUILT_PRODUCTS_DIR; };
		5BC3835B1B04AEB500203230 /* Info.plist */ = {isa = PBXFileReference; lastKnownFileType = text.plist.xml; path = Info.plist; sourceTree = "<group>"; };
		5BC3835C1B04AEB500203230 /* main.m */ = {isa = PBXFileReference; lastKnownFileType = sourcecode.c.objc; path = main.m; sourceTree = "<group>"; };
		5BC3835E1B04AEB500203230 /* AppDelegate.h */ = {isa = PBXFileReference; lastKnownFileType = sourcecode.c.h; path = AppDelegate.h; sourceTree = "<group>"; };
		5BC3835F1B04AEB500203230 /* AppDelegate.m */ = {isa = PBXFileReference; lastKnownFileType = sourcecode.c.objc; path = AppDelegate.m; sourceTree = "<group>"; };
		5BC383611B04AEB500203230 /* ViewController.h */ = {isa = PBXFileReference; lastKnownFileType = sourcecode.c.h; path = ViewController.h; sourceTree = "<group>"; };
		5BC383621B04AEB500203230 /* ViewController.m */ = {isa = PBXFileReference; lastKnownFileType = sourcecode.c.objc; path = ViewController.m; sourceTree = "<group>"; };
		5BC383651B04AEB500203230 /* Base */ = {isa = PBXFileReference; lastKnownFileType = file.storyboard; name = Base; path = Base.lproj/Main.storyboard; sourceTree = "<group>"; };
		5BC383671B04AEB500203230 /* Images.xcassets */ = {isa = PBXFileReference; lastKnownFileType = folder.assetcatalog; path = Images.xcassets; sourceTree = "<group>"; };
		5BC3836A1B04AEB500203230 /* Base */ = {isa = PBXFileReference; lastKnownFileType = file.xib; name = Base; path = Base.lproj/LaunchScreen.xib; sourceTree = "<group>"; };
		5BC383701B04AEB500203230 /* AlgorithmTests.xctest */ = {isa = PBXFileReference; explicitFileType = wrapper.cfbundle; includeInIndex = 0; path = AlgorithmTests.xctest; sourceTree = BUILT_PRODUCTS_DIR; };
		5BC383751B04AEB500203230 /* Info.plist */ = {isa = PBXFileReference; lastKnownFileType = text.plist.xml; path = Info.plist; sourceTree = "<group>"; };
		5BC383761B04AEB500203230 /* AlgorithmTests.m */ = {isa = PBXFileReference; lastKnownFileType = sourcecode.c.objc; path = AlgorithmTests.m; sourceTree = "<group>"; };
		5BC383801B04BE8900203230 /* DetailViewController.h */ = {isa = PBXFileReference; fileEncoding = 4; lastKnownFileType = sourcecode.c.h; path = DetailViewController.h; sourceTree = "<group>"; };
		5BC383811B04BE8900203230 /* DetailViewController.m */ = {isa = PBXFileReference; fileEncoding = 4; lastKnownFileType = sourcecode.c.objc; path = DetailViewController.m; sourceTree = "<group>"; };
		5BC383831B04D32400203230 /* Constant.h */ = {isa = PBXFileReference; lastKnownFileType = sourcecode.c.h; path = Constant.h; sourceTree = "<group>"; };
		5BC383881B04D69800203230 /* AlgorithmParent.h */ = {isa = PBXFileReference; fileEncoding = 4; lastKnownFileType = sourcecode.c.h; path = AlgorithmParent.h; sourceTree = "<group>"; };
		5BC383891B04D69800203230 /* AlgorithmParent.m */ = {isa = PBXFileReference; fileEncoding = 4; lastKnownFileType = sourcecode.c.objc; path = AlgorithmParent.m; sourceTree = "<group>"; };
		5BC3838C1B04D6A000203230 /* MaxValContSubsequence.h */ = {isa = PBXFileReference; fileEncoding = 4; lastKnownFileType = sourcecode.c.h; path = MaxValContSubsequence.h; sourceTree = "<group>"; };
		5BC3838D1B04D6A000203230 /* MaxValContSubsequence.m */ = {isa = PBXFileReference; fileEncoding = 4; lastKnownFileType = sourcecode.c.objc; path = MaxValContSubsequence.m; sourceTree = "<group>"; };
		5BDEE81D1B175B0A008198CF /* BalancePartition.h */ = {isa = PBXFileReference; fileEncoding = 4; lastKnownFileType = sourcecode.c.h; path = BalancePartition.h; sourceTree = "<group>"; };
		5BDEE81E1B175B0A008198CF /* BalancePartition.m */ = {isa = PBXFileReference; fileEncoding = 4; lastKnownFileType = sourcecode.c.objc; path = BalancePartition.m; sourceTree = "<group>"; };
		5BE60E4B1B0B750A001B8BD3 /* LongestIncreasingSubsequece.h */ = {isa = PBXFileReference; fileEncoding = 4; lastKnownFileType = sourcecode.c.h; path = LongestIncreasingSubsequece.h; sourceTree = "<group>"; };
		5BE60E4C1B0B750A001B8BD3 /* LongestIncreasingSubsequece.m */ = {isa = PBXFileReference; fileEncoding = 4; lastKnownFileType = sourcecode.c.objc; path = LongestIncreasingSubsequece.m; sourceTree = "<group>"; };
/* End PBXFileReference section */

/* Begin PBXFrameworksBuildPhase section */
		5BC383541B04AEB500203230 /* Frameworks */ = {
			isa = PBXFrameworksBuildPhase;
			buildActionMask = 2147483647;
			files = (
			);
			runOnlyForDeploymentPostprocessing = 0;
		};
		5BC3836D1B04AEB500203230 /* Frameworks */ = {
			isa = PBXFrameworksBuildPhase;
			buildActionMask = 2147483647;
			files = (
			);
			runOnlyForDeploymentPostprocessing = 0;
		};
/* End PBXFrameworksBuildPhase section */

/* Begin PBXGroup section */
		5BC3834E1B04AEB500203230 = {
			isa = PBXGroup;
			children = (
				5BC383591B04AEB500203230 /* Algorithm */,
				5BC383731B04AEB500203230 /* AlgorithmTests */,
				5BC383581B04AEB500203230 /* Products */,
			);
			sourceTree = "<group>";
		};
		5BC383581B04AEB500203230 /* Products */ = {
			isa = PBXGroup;
			children = (
				5BC383571B04AEB500203230 /* Algorithm.app */,
				5BC383701B04AEB500203230 /* AlgorithmTests.xctest */,
			);
			name = Products;
			sourceTree = "<group>";
		};
		5BC383591B04AEB500203230 /* Algorithm */ = {
			isa = PBXGroup;
			children = (
				5BC383831B04D32400203230 /* Constant.h */,
				5BC3835E1B04AEB500203230 /* AppDelegate.h */,
				5BC3835F1B04AEB500203230 /* AppDelegate.m */,
				5BC383611B04AEB500203230 /* ViewController.h */,
				5BC383621B04AEB500203230 /* ViewController.m */,
				5BC383801B04BE8900203230 /* DetailViewController.h */,
				5BC383811B04BE8900203230 /* DetailViewController.m */,
				5BC383841B04D5CD00203230 /* AlgorithmClass */,
				5BC383641B04AEB500203230 /* Main.storyboard */,
				5BC383671B04AEB500203230 /* Images.xcassets */,
				5BC383691B04AEB500203230 /* LaunchScreen.xib */,
				5BC3835A1B04AEB500203230 /* Supporting Files */,
			);
			path = Algorithm;
			sourceTree = "<group>";
		};
		5BC3835A1B04AEB500203230 /* Supporting Files */ = {
			isa = PBXGroup;
			children = (
				5BC3835B1B04AEB500203230 /* Info.plist */,
				5BC3835C1B04AEB500203230 /* main.m */,
			);
			name = "Supporting Files";
			sourceTree = "<group>";
		};
		5BC383731B04AEB500203230 /* AlgorithmTests */ = {
			isa = PBXGroup;
			children = (
				5BC383761B04AEB500203230 /* AlgorithmTests.m */,
				5BC383741B04AEB500203230 /* Supporting Files */,
			);
			path = AlgorithmTests;
			sourceTree = "<group>";
		};
		5BC383741B04AEB500203230 /* Supporting Files */ = {
			isa = PBXGroup;
			children = (
				5BC383751B04AEB500203230 /* Info.plist */,
			);
			name = "Supporting Files";
			sourceTree = "<group>";
		};
		5BC383841B04D5CD00203230 /* AlgorithmClass */ = {
			isa = PBXGroup;
			children = (
				5BC383881B04D69800203230 /* AlgorithmParent.h */,
				5BC383891B04D69800203230 /* AlgorithmParent.m */,
				5BC3838B1B04D6A000203230 /* DynamicProgramming */,
			);
			path = AlgorithmClass;
			sourceTree = "<group>";
		};
		5BC3838B1B04D6A000203230 /* DynamicProgramming */ = {
			isa = PBXGroup;
			children = (
				5B12CECA1B05DD6F00290670 /* Fibonacci.h */,
				5B12CECB1B05DD6F00290670 /* Fibonacci.m */,
				5B12CED01B06014F00290670 /* Power.h */,
				5B12CED11B06014F00290670 /* Power.m */,
				5BC3838C1B04D6A000203230 /* MaxValContSubsequence.h */,
				5BC3838D1B04D6A000203230 /* MaxValContSubsequence.m */,
				5B12CECD1B05F8C900290670 /* MakingChange.h */,
				5B12CECE1B05F8C900290670 /* MakingChange.m */,
				5BE60E4B1B0B750A001B8BD3 /* LongestIncreasingSubsequece.h */,
				5BE60E4C1B0B750A001B8BD3 /* LongestIncreasingSubsequece.m */,
				5BA49B9C1B0F4AA6002DCF5D /* OptimizedLongestIncreasingSubsequence.h */,
				5BA49B9D1B0F4AA6002DCF5D /* OptimizedLongestIncreasingSubsequence.m */,
				5B91F5061B15F2EE009CAD5B /* KnapsackProblem.h */,
				5B91F5071B15F2EE009CAD5B /* KnapsackProblem.m */,
				5BDEE81D1B175B0A008198CF /* BalancePartition.h */,
				5BDEE81E1B175B0A008198CF /* BalancePartition.m */,
			);
			path = DynamicProgramming;
			sourceTree = "<group>";
		};
/* End PBXGroup section */

/* Begin PBXNativeTarget section */
		5BC383561B04AEB500203230 /* Algorithm */ = {
			isa = PBXNativeTarget;
			buildConfigurationList = 5BC3837A1B04AEB500203230 /* Build configuration list for PBXNativeTarget "Algorithm" */;
			buildPhases = (
				5BC383531B04AEB500203230 /* Sources */,
				5BC383541B04AEB500203230 /* Frameworks */,
				5BC383551B04AEB500203230 /* Resources */,
			);
			buildRules = (
			);
			dependencies = (
			);
			name = Algorithm;
			productName = Algorithm;
			productReference = 5BC383571B04AEB500203230 /* Algorithm.app */;
			productType = "com.apple.product-type.application";
		};
		5BC3836F1B04AEB500203230 /* AlgorithmTests */ = {
			isa = PBXNativeTarget;
			buildConfigurationList = 5BC3837D1B04AEB500203230 /* Build configuration list for PBXNativeTarget "AlgorithmTests" */;
			buildPhases = (
				5BC3836C1B04AEB500203230 /* Sources */,
				5BC3836D1B04AEB500203230 /* Frameworks */,
				5BC3836E1B04AEB500203230 /* Resources */,
			);
			buildRules = (
			);
			dependencies = (
				5BC383721B04AEB500203230 /* PBXTargetDependency */,
			);
			name = AlgorithmTests;
			productName = AlgorithmTests;
			productReference = 5BC383701B04AEB500203230 /* AlgorithmTests.xctest */;
			productType = "com.apple.product-type.bundle.unit-test";
		};
/* End PBXNativeTarget section */

/* Begin PBXProject section */
		5BC3834F1B04AEB500203230 /* Project object */ = {
			isa = PBXProject;
			attributes = {
				LastUpgradeCheck = 0610;
				ORGANIZATIONNAME = "Mohit Trivedi";
				TargetAttributes = {
					5BC383561B04AEB500203230 = {
						CreatedOnToolsVersion = 6.1;
					};
					5BC3836F1B04AEB500203230 = {
						CreatedOnToolsVersion = 6.1;
						TestTargetID = 5BC383561B04AEB500203230;
					};
				};
			};
			buildConfigurationList = 5BC383521B04AEB500203230 /* Build configuration list for PBXProject "Algorithm" */;
			compatibilityVersion = "Xcode 3.2";
			developmentRegion = English;
			hasScannedForEncodings = 0;
			knownRegions = (
				en,
				Base,
			);
			mainGroup = 5BC3834E1B04AEB500203230;
			productRefGroup = 5BC383581B04AEB500203230 /* Products */;
			projectDirPath = "";
			projectRoot = "";
			targets = (
				5BC383561B04AEB500203230 /* Algorithm */,
				5BC3836F1B04AEB500203230 /* AlgorithmTests */,
			);
		};
/* End PBXProject section */

/* Begin PBXResourcesBuildPhase section */
		5BC383551B04AEB500203230 /* Resources */ = {
			isa = PBXResourcesBuildPhase;
			buildActionMask = 2147483647;
			files = (
				5BC383661B04AEB500203230 /* Main.storyboard in Resources */,
				5BC3836B1B04AEB500203230 /* LaunchScreen.xib in Resources */,
				5BC383681B04AEB500203230 /* Images.xcassets in Resources */,
			);
			runOnlyForDeploymentPostprocessing = 0;
		};
		5BC3836E1B04AEB500203230 /* Resources */ = {
			isa = PBXResourcesBuildPhase;
			buildActionMask = 2147483647;
			files = (
			);
			runOnlyForDeploymentPostprocessing = 0;
		};
/* End PBXResourcesBuildPhase section */

/* Begin PBXSourcesBuildPhase section */
		5BC383531B04AEB500203230 /* Sources */ = {
			isa = PBXSourcesBuildPhase;
			buildActionMask = 2147483647;
			files = (
				5BA49B9E1B0F4AA6002DCF5D /* OptimizedLongestIncreasingSubsequence.m in Sources */,
				5BE60E4D1B0B750A001B8BD3 /* LongestIncreasingSubsequece.m in Sources */,
				5BC383631B04AEB500203230 /* ViewController.m in Sources */,
				5BC3838A1B04D69800203230 /* AlgorithmParent.m in Sources */,
				5BC3838E1B04D6A000203230 /* MaxValContSubsequence.m in Sources */,
				5B12CECC1B05DD6F00290670 /* Fibonacci.m in Sources */,
				5BC383601B04AEB500203230 /* AppDelegate.m in Sources */,
				5BC3835D1B04AEB500203230 /* main.m in Sources */,
				5B12CED21B06014F00290670 /* Power.m in Sources */,
				5B12CECF1B05F8C900290670 /* MakingChange.m in Sources */,
				5BC383821B04BE8900203230 /* DetailViewController.m in Sources */,
				5B91F5081B15F2EE009CAD5B /* KnapsackProblem.m in Sources */,
				5BDEE81F1B175B0A008198CF /* BalancePartition.m in Sources */,
			);
			runOnlyForDeploymentPostprocessing = 0;
		};
		5BC3836C1B04AEB500203230 /* Sources */ = {
			isa = PBXSourcesBuildPhase;
			buildActionMask = 2147483647;
			files = (
				5BC383771B04AEB500203230 /* AlgorithmTests.m in Sources */,
			);
			runOnlyForDeploymentPostprocessing = 0;
		};
/* End PBXSourcesBuildPhase section */

/* Begin PBXTargetDependency section */
		5BC383721B04AEB500203230 /* PBXTargetDependency */ = {
			isa = PBXTargetDependency;
			target = 5BC383561B04AEB500203230 /* Algorithm */;
			targetProxy = 5BC383711B04AEB500203230 /* PBXContainerItemProxy */;
		};
/* End PBXTargetDependency section */

/* Begin PBXVariantGroup section */
		5BC383641B04AEB500203230 /* Main.storyboard */ = {
			isa = PBXVariantGroup;
			children = (
				5BC383651B04AEB500203230 /* Base */,
			);
			name = Main.storyboard;
			sourceTree = "<group>";
		};
		5BC383691B04AEB500203230 /* LaunchScreen.xib */ = {
			isa = PBXVariantGroup;
			children = (
				5BC3836A1B04AEB500203230 /* Base */,
			);
			name = LaunchScreen.xib;
			sourceTree = "<group>";
		};
/* End PBXVariantGroup section */

/* Begin XCBuildConfiguration section */
		5BC383781B04AEB500203230 /* Debug */ = {
			isa = XCBuildConfiguration;
			buildSettings = {
				ALWAYS_SEARCH_USER_PATHS = NO;
				CLANG_CXX_LANGUAGE_STANDARD = "gnu++0x";
				CLANG_CXX_LIBRARY = "libc++";
				CLANG_ENABLE_MODULES = YES;
				CLANG_ENABLE_OBJC_ARC = YES;
				CLANG_WARN_BOOL_CONVERSION = YES;
				CLANG_WARN_CONSTANT_CONVERSION = YES;
				CLANG_WARN_DIRECT_OBJC_ISA_USAGE = YES_ERROR;
				CLANG_WARN_EMPTY_BODY = YES;
				CLANG_WARN_ENUM_CONVERSION = YES;
				CLANG_WARN_INT_CONVERSION = YES;
				CLANG_WARN_OBJC_ROOT_CLASS = YES_ERROR;
				CLANG_WARN_UNREACHABLE_CODE = YES;
				CLANG_WARN__DUPLICATE_METHOD_MATCH = YES;
				"CODE_SIGN_IDENTITY[sdk=iphoneos*]" = "iPhone Developer";
				COPY_PHASE_STRIP = NO;
				ENABLE_STRICT_OBJC_MSGSEND = YES;
				GCC_C_LANGUAGE_STANDARD = gnu99;
				GCC_DYNAMIC_NO_PIC = NO;
				GCC_OPTIMIZATION_LEVEL = 0;
				GCC_PREPROCESSOR_DEFINITIONS = (
					"DEBUG=1",
					"$(inherited)",
				);
				GCC_SYMBOLS_PRIVATE_EXTERN = NO;
				GCC_WARN_64_TO_32_BIT_CONVERSION = YES;
				GCC_WARN_ABOUT_RETURN_TYPE = YES_ERROR;
				GCC_WARN_UNDECLARED_SELECTOR = YES;
				GCC_WARN_UNINITIALIZED_AUTOS = YES_AGGRESSIVE;
				GCC_WARN_UNUSED_FUNCTION = YES;
				GCC_WARN_UNUSED_VARIABLE = YES;
				IPHONEOS_DEPLOYMENT_TARGET = 8.1;
				MTL_ENABLE_DEBUG_INFO = YES;
				ONLY_ACTIVE_ARCH = YES;
				SDKROOT = iphoneos;
			};
			name = Debug;
		};
		5BC383791B04AEB500203230 /* Release */ = {
			isa = XCBuildConfiguration;
			buildSettings = {
				ALWAYS_SEARCH_USER_PATHS = NO;
				CLANG_CXX_LANGUAGE_STANDARD = "gnu++0x";
				CLANG_CXX_LIBRARY = "libc++";
				CLANG_ENABLE_MODULES = YES;
				CLANG_ENABLE_OBJC_ARC = YES;
				CLANG_WARN_BOOL_CONVERSION = YES;
				CLANG_WARN_CONSTANT_CONVERSION = YES;
				CLANG_WARN_DIRECT_OBJC_ISA_USAGE = YES_ERROR;
				CLANG_WARN_EMPTY_BODY = YES;
				CLANG_WARN_ENUM_CONVERSION = YES;
				CLANG_WARN_INT_CONVERSION = YES;
				CLANG_WARN_OBJC_ROOT_CLASS = YES_ERROR;
				CLANG_WARN_UNREACHABLE_CODE = YES;
				CLANG_WARN__DUPLICATE_METHOD_MATCH = YES;
				"CODE_SIGN_IDENTITY[sdk=iphoneos*]" = "iPhone Developer";
				COPY_PHASE_STRIP = YES;
				ENABLE_NS_ASSERTIONS = NO;
				ENABLE_STRICT_OBJC_MSGSEND = YES;
				GCC_C_LANGUAGE_STANDARD = gnu99;
				GCC_WARN_64_TO_32_BIT_CONVERSION = YES;
				GCC_WARN_ABOUT_RETURN_TYPE = YES_ERROR;
				GCC_WARN_UNDECLARED_SELECTOR = YES;
				GCC_WARN_UNINITIALIZED_AUTOS = YES_AGGRESSIVE;
				GCC_WARN_UNUSED_FUNCTION = YES;
				GCC_WARN_UNUSED_VARIABLE = YES;
				IPHONEOS_DEPLOYMENT_TARGET = 8.1;
				MTL_ENABLE_DEBUG_INFO = NO;
				SDKROOT = iphoneos;
				VALIDATE_PRODUCT = YES;
			};
			name = Release;
		};
		5BC3837B1B04AEB500203230 /* Debug */ = {
			isa = XCBuildConfiguration;
			buildSettings = {
				ASSETCATALOG_COMPILER_APPICON_NAME = AppIcon;
				INFOPLIST_FILE = Algorithm/Info.plist;
				LD_RUNPATH_SEARCH_PATHS = "$(inherited) @executable_path/Frameworks";
				PRODUCT_NAME = "$(TARGET_NAME)";
			};
			name = Debug;
		};
		5BC3837C1B04AEB500203230 /* Release */ = {
			isa = XCBuildConfiguration;
			buildSettings = {
				ASSETCATALOG_COMPILER_APPICON_NAME = AppIcon;
				INFOPLIST_FILE = Algorithm/Info.plist;
				LD_RUNPATH_SEARCH_PATHS = "$(inherited) @executable_path/Frameworks";
				PRODUCT_NAME = "$(TARGET_NAME)";
			};
			name = Release;
		};
		5BC3837E1B04AEB500203230 /* Debug */ = {
			isa = XCBuildConfiguration;
			buildSettings = {
				BUNDLE_LOADER = "$(TEST_HOST)";
				FRAMEWORK_SEARCH_PATHS = (
					"$(SDKROOT)/Developer/Library/Frameworks",
					"$(inherited)",
				);
				GCC_PREPROCESSOR_DEFINITIONS = (
					"DEBUG=1",
					"$(inherited)",
				);
				INFOPLIST_FILE = AlgorithmTests/Info.plist;
				LD_RUNPATH_SEARCH_PATHS = "$(inherited) @executable_path/Frameworks @loader_path/Frameworks";
				PRODUCT_NAME = "$(TARGET_NAME)";
				TEST_HOST = "$(BUILT_PRODUCTS_DIR)/Algorithm.app/Algorithm";
			};
			name = Debug;
		};
		5BC3837F1B04AEB500203230 /* Release */ = {
			isa = XCBuildConfiguration;
			buildSettings = {
				BUNDLE_LOADER = "$(TEST_HOST)";
				FRAMEWORK_SEARCH_PATHS = (
					"$(SDKROOT)/Developer/Library/Frameworks",
					"$(inherited)",
				);
				INFOPLIST_FILE = AlgorithmTests/Info.plist;
				LD_RUNPATH_SEARCH_PATHS = "$(inherited) @executable_path/Frameworks @loader_path/Frameworks";
				PRODUCT_NAME = "$(TARGET_NAME)";
				TEST_HOST = "$(BUILT_PRODUCTS_DIR)/Algorithm.app/Algorithm";
			};
			name = Release;
		};
/* End XCBuildConfiguration section */

/* Begin XCConfigurationList section */
		5BC383521B04AEB500203230 /* Build configuration list for PBXProject "Algorithm" */ = {
			isa = XCConfigurationList;
			buildConfigurations = (
				5BC383781B04AEB500203230 /* Debug */,
				5BC383791B04AEB500203230 /* Release */,
			);
			defaultConfigurationIsVisible = 0;
			defaultConfigurationName = Release;
		};
		5BC3837A1B04AEB500203230 /* Build configuration list for PBXNativeTarget "Algorithm" */ = {
			isa = XCConfigurationList;
			buildConfigurations = (
				5BC3837B1B04AEB500203230 /* Debug */,
				5BC3837C1B04AEB500203230 /* Release */,
			);
			defaultConfigurationIsVisible = 0;
			defaultConfigurationName = Release;
		};
		5BC3837D1B04AEB500203230 /* Build configuration list for PBXNativeTarget "AlgorithmTests" */ = {
			isa = XCConfigurationList;
			buildConfigurations = (
				5BC3837E1B04AEB500203230 /* Debug */,
				5BC3837F1B04AEB500203230 /* Release */,
			);
			defaultConfigurationIsVisible = 0;
			defaultConfigurationName = Release;
		};
/* End XCConfigurationList section */
	};
	rootObject = 5BC3834F1B04AEB500203230 /* Project object */;
}
